[tools."asdf:CrouchingMuppet/asdf-lima"]
version = "1.1.1"
backend = "asdf:CrouchingMuppet/asdf-lima"

[tools.fd]
version = "10.2.0"
backend = "aqua:sharkdp/fd"

[tools.fd.checksums]
"fd-v10.2.0-aarch64-apple-darwin.tar.gz" = "sha256:ae6327ba8c9a487cd63edd8bddd97da0207887a66d61e067dfe80c1430c5ae36"
"fd-v10.2.0-x86_64-apple-darwin.tar.gz" = "sha256:991a648a58870230af9547c1ae33e72cb5c5199a622fe5e540e162d6dba82d48"

[tools.helm]
version = "3.18.3"
backend = "aqua:helm/helm"

[tools.helm.checksums]
"helm-v3.18.3-darwin-arm64.tar.gz" = "sha256:3fe3e9739ab3c75d88bfe13e464a79a2a7a804fc692c3258fa6a9d185d53e377"

[tools.kubeconform]
version = "0.7.0"
backend = "aqua:yannh/kubeconform"

[tools.kubeconform.checksums]
"kubeconform-darwin-arm64.tar.gz" = "sha256:b5d32b2cb77f9c781c976b20a85e2d0bc8f9184d5d1cfe665a2f31a19f99eeb9"

[tools.node]
version = "22.17.0"
backend = "core:node"

[tools.node.checksums]
"node-v22.17.0-darwin-arm64.tar.gz" = "sha256:615dda58b5fb41fad2be43940b6398ca56554cbe05800953afadc724729cb09e"

[tools."pipx:toml-cli"]
version = "0.7.0"
backend = "pipx:toml-cli"

[tools.pnpm]
version = "10.12.4"
backend = "aqua:pnpm/pnpm"

[tools.pnpm.checksums]
pnpm-macos-arm64 = "sha256:c19eaae80eda5ece50952d64a163b2673c03fbb9e81d50d0a571387d8344cdba"

[tools.python]
version = "3.13.5"
backend = "core:python"

[tools."ubi:google/addlicense"]
version = "1.1.1"
backend = "ubi:google/addlicense"

[tools."ubi:google/addlicense".checksums]
addlicense-macos-aarch64 = "sha256:ce5830d1efd60c71f4b51071c12fa2be927ee13c5058f587a57be69eee1d8ab4"
addlicense-macos-x86_64 = "sha256:9ae3255d64fce140261a1dc9bf2ac907aafbfe515fe0d641def2a852993d6cbb"

[tools."ubi:telepresenceio/telepresence"]
version = "2.23.2"
backend = "ubi:telepresenceio/telepresence"

[tools."ubi:telepresenceio/telepresence".checksums]
telepresence-macos-aarch64 = "sha256:36a89454036c1ff163da60fa2fabc1bf128419d975b70d343c4764a8ddd602d9"

[tools.uv]
version = "0.7.19"
backend = "aqua:astral-sh/uv"

[tools.uv.checksums]
"uv-aarch64-apple-darwin.tar.gz" = "sha256:698d24883fd441960fb4bc153b7030b89517a295502017ff3fdbba2fb0a0aa67"

[tools.yq]
version = "4.45.4"
backend = "aqua:mikefarah/yq"

[tools.yq.checksums]
yq_darwin_arm64 = "sha256:602dbbc116af9eb8a91d2239d0ec286eb9c90b94e76676d5268ab6ca184719b6"
