dependencies:
- name: common
  repository: oci://registry-1.docker.io/bitnamicharts
  version: 2.31.3
- name: postgresql
  repository: oci://registry-1.docker.io/bitnamicharts
  version: 16.7.15
- name: seaweedfs
  repository: https://seaweedfs.github.io/seaweedfs/helm
  version: 4.0.392
- name: mcp-stack
  repository: oci://ghcr.io/ibm/mcp-context-forge
  version: 0.1.1
digest: sha256:14ec2ea787162be6767d183f5539e9063ae2e560b448ba155faba1987e64f483
generated: "2025-07-02T09:03:01.218727+02:00"
