dependencies:
- name: common
  repository: oci://registry-1.docker.io/bitnamicharts
  version: 2.31.3
- name: postgresql
  repository: oci://registry-1.docker.io/bitnamicharts
  version: 16.7.20
- name: seaweedfs
  repository: https://seaweedfs.github.io/seaweedfs/helm
  version: 4.0.393
- name: phoenix-helm
  repository: oci://registry-1.docker.io/arizephoenix
  version: 2.0.12
- name: mcp-stack
  repository: oci://docker.io/tomaspilar
  version: 0.3.0
digest: sha256:6df64d00954aed3bd25540c93f0dae338bb16dd8cb74169a58415d4186cfb021
generated: "2025-07-21T08:16:24.167854+02:00"
